// !$*UTF8*$!
{
	archiveVersion = 1;
	classes = {
	};
	objectVersion = 56;
	objects = {

/* Begin PBXBuildFile section */
		48816B18290ADC57008F3FD4 /* AppDelegate.swift in Sources */ = {isa = PBXBuildFile; fileRef = 48816B17290ADC57008F3FD4 /* AppDelegate.swift */; };
		48816B1A290ADC57008F3FD4 /* SceneDelegate.swift in Sources */ = {isa = PBXBuildFile; fileRef = 48816B19290ADC57008F3FD4 /* SceneDelegate.swift */; };
		48816B21290ADC58008F3FD4 /* Assets.xcassets in Resources */ = {isa = PBXBuildFile; fileRef = 48816B20290ADC58008F3FD4 /* Assets.xcassets */; };
		48816B24290ADC58008F3FD4 /* LaunchScreen.storyboard in Resources */ = {isa = PBXBuildFile; fileRef = 48816B22290ADC58008F3FD4 /* LaunchScreen.storyboard */; };
		48816B2D290AE18A008F3FD4 /* Employees.json in Resources */ = {isa = PBXBuildFile; fileRef = 48816B2C290AE18A008F3FD4 /* Employees.json */; };
		48816B2F290AE195008F3FD4 /* Employee.swift in Sources */ = {isa = PBXBuildFile; fileRef = 48816B2E290AE195008F3FD4 /* Employee.swift */; };
		48816B31290AE514008F3FD4 /* EmployeeListViewController.swift in Sources */ = {isa = PBXBuildFile; fileRef = 48816B30290AE514008F3FD4 /* EmployeeListViewController.swift */; };
		48816B34290AED97008F3FD4 /* EmployeeOverviewView.swift in Sources */ = {isa = PBXBuildFile; fileRef = 48816B33290AED97008F3FD4 /* EmployeeOverviewView.swift */; };
		48816B37290AF460008F3FD4 /* EmployeeDetailsViewController.swift in Sources */ = {isa = PBXBuildFile; fileRef = 48816B36290AF460008F3FD4 /* EmployeeDetailsViewController.swift */; };
		48816B39290AF497008F3FD4 /* MainSceneRootViewController.swift in Sources */ = {isa = PBXBuildFile; fileRef = 48816B38290AF497008F3FD4 /* MainSceneRootViewController.swift */; };
		48816B49290AF631008F3FD4 /* DJATesting.xcframework in Frameworks */ = {isa = PBXBuildFile; fileRef = 48816B48290AF631008F3FD4 /* DJATesting.xcframework */; };
		48816B4B290AF79F008F3FD4 /* EmployeeOverviewViewTests.swift in Sources */ = {isa = PBXBuildFile; fileRef = 48816B4A290AF79F008F3FD4 /* EmployeeOverviewViewTests.swift */; };
		48816B54290E990C008F3FD4 /* EmployeeListViewControllerTests.swift in Sources */ = {isa = PBXBuildFile; fileRef = 48816B53290E990C008F3FD4 /* EmployeeListViewControllerTests.swift */; };
		48816B56290E9CD8008F3FD4 /* MainSceneRootViewControllerTests.swift in Sources */ = {isa = PBXBuildFile; fileRef = 48816B55290E9CD8008F3FD4 /* MainSceneRootViewControllerTests.swift */; };
/* End PBXBuildFile section */

/* Begin PBXContainerItemProxy section */
		48816B42290AF59A008F3FD4 /* PBXContainerItemProxy */ = {
			isa = PBXContainerItemProxy;
			containerPortal = 48816B0C290ADC57008F3FD4 /* Project object */;
			proxyType = 1;
			remoteGlobalIDString = 48816B13290ADC57008F3FD4;
			remoteInfo = "View Testing";
		};
/* End PBXContainerItemProxy section */

/* Begin PBXFileReference section */
		48816B14290ADC57008F3FD4 /* View Testing.app */ = {isa = PBXFileReference; explicitFileType = wrapper.application; includeInIndex = 0; path = "View Testing.app"; sourceTree = BUILT_PRODUCTS_DIR; };
		48816B17290ADC57008F3FD4 /* AppDelegate.swift */ = {isa = PBXFileReference; lastKnownFileType = sourcecode.swift; path = AppDelegate.swift; sourceTree = "<group>"; };
		48816B19290ADC57008F3FD4 /* SceneDelegate.swift */ = {isa = PBXFileReference; lastKnownFileType = sourcecode.swift; path = SceneDelegate.swift; sourceTree = "<group>"; };
		48816B20290ADC58008F3FD4 /* Assets.xcassets */ = {isa = PBXFileReference; lastKnownFileType = folder.assetcatalog; path = Assets.xcassets; sourceTree = "<group>"; };
		48816B23290ADC58008F3FD4 /* Base */ = {isa = PBXFileReference; lastKnownFileType = file.storyboard; name = Base; path = Base.lproj/LaunchScreen.storyboard; sourceTree = "<group>"; };
		48816B25290ADC58008F3FD4 /* Info.plist */ = {isa = PBXFileReference; lastKnownFileType = text.plist.xml; path = Info.plist; sourceTree = "<group>"; };
		48816B2C290AE18A008F3FD4 /* Employees.json */ = {isa = PBXFileReference; fileEncoding = 4; lastKnownFileType = text.json; path = Employees.json; sourceTree = "<group>"; };
		48816B2E290AE195008F3FD4 /* Employee.swift */ = {isa = PBXFileReference; lastKnownFileType = sourcecode.swift; path = Employee.swift; sourceTree = "<group>"; };
		48816B30290AE514008F3FD4 /* EmployeeListViewController.swift */ = {isa = PBXFileReference; lastKnownFileType = sourcecode.swift; path = EmployeeListViewController.swift; sourceTree = "<group>"; };
		48816B33290AED97008F3FD4 /* EmployeeOverviewView.swift */ = {isa = PBXFileReference; lastKnownFileType = sourcecode.swift; path = EmployeeOverviewView.swift; sourceTree = "<group>"; };
		48816B36290AF460008F3FD4 /* EmployeeDetailsViewController.swift */ = {isa = PBXFileReference; lastKnownFileType = sourcecode.swift; path = EmployeeDetailsViewController.swift; sourceTree = "<group>"; };
		48816B38290AF497008F3FD4 /* MainSceneRootViewController.swift */ = {isa = PBXFileReference; lastKnownFileType = sourcecode.swift; path = MainSceneRootViewController.swift; sourceTree = "<group>"; };
		48816B3E290AF59A008F3FD4 /* View TestingTests.xctest */ = {isa = PBXFileReference; explicitFileType = wrapper.cfbundle; includeInIndex = 0; path = "View TestingTests.xctest"; sourceTree = BUILT_PRODUCTS_DIR; };
		48816B48290AF631008F3FD4 /* DJATesting.xcframework */ = {isa = PBXFileReference; lastKnownFileType = wrapper.xcframework; path = DJATesting.xcframework; sourceTree = "<group>"; };
		48816B4A290AF79F008F3FD4 /* EmployeeOverviewViewTests.swift */ = {isa = PBXFileReference; lastKnownFileType = sourcecode.swift; path = EmployeeOverviewViewTests.swift; sourceTree = "<group>"; };
		48816B53290E990C008F3FD4 /* EmployeeListViewControllerTests.swift */ = {isa = PBXFileReference; lastKnownFileType = sourcecode.swift; path = EmployeeListViewControllerTests.swift; sourceTree = "<group>"; };
		48816B55290E9CD8008F3FD4 /* MainSceneRootViewControllerTests.swift */ = {isa = PBXFileReference; lastKnownFileType = sourcecode.swift; path = MainSceneRootViewControllerTests.swift; sourceTree = "<group>"; };
/* End PBXFileReference section */

/* Begin PBXFrameworksBuildPhase section */
		48816B11290ADC57008F3FD4 /* Frameworks */ = {
			isa = PBXFrameworksBuildPhase;
			buildActionMask = 2147483647;
			files = (
			);
			runOnlyForDeploymentPostprocessing = 0;
		};
		48816B3B290AF59A008F3FD4 /* Frameworks */ = {
			isa = PBXFrameworksBuildPhase;
			buildActionMask = 2147483647;
			files = (
				48816B49290AF631008F3FD4 /* DJATesting.xcframework in Frameworks */,
			);
			runOnlyForDeploymentPostprocessing = 0;
		};
/* End PBXFrameworksBuildPhase section */

/* Begin PBXGroup section */
		48816B0B290ADC57008F3FD4 = {
			isa = PBXGroup;
			children = (
				48816B16290ADC57008F3FD4 /* View Testing */,
				48816B3F290AF59A008F3FD4 /* View TestingTests */,
				48816B15290ADC57008F3FD4 /* Products */,
			);
			sourceTree = "<group>";
		};
		48816B15290ADC57008F3FD4 /* Products */ = {
			isa = PBXGroup;
			children = (
				48816B14290ADC57008F3FD4 /* View Testing.app */,
				48816B3E290AF59A008F3FD4 /* View TestingTests.xctest */,
			);
			name = Products;
			sourceTree = "<group>";
		};
		48816B16290ADC57008F3FD4 /* View Testing */ = {
			isa = PBXGroup;
			children = (
				48816B2B290AE035008F3FD4 /* Data */,
				48816B32290AED8F008F3FD4 /* Views */,
				48816B35290AF40A008F3FD4 /* View Controllers */,
				48816B17290ADC57008F3FD4 /* AppDelegate.swift */,
				48816B19290ADC57008F3FD4 /* SceneDelegate.swift */,
				48816B20290ADC58008F3FD4 /* Assets.xcassets */,
				48816B22290ADC58008F3FD4 /* LaunchScreen.storyboard */,
				48816B25290ADC58008F3FD4 /* Info.plist */,
			);
			path = "View Testing";
			sourceTree = "<group>";
		};
		48816B2B290AE035008F3FD4 /* Data */ = {
			isa = PBXGroup;
			children = (
				48816B2C290AE18A008F3FD4 /* Employees.json */,
				48816B2E290AE195008F3FD4 /* Employee.swift */,
			);
			path = Data;
			sourceTree = "<group>";
		};
		48816B32290AED8F008F3FD4 /* Views */ = {
			isa = PBXGroup;
			children = (
				48816B33290AED97008F3FD4 /* EmployeeOverviewView.swift */,
			);
			path = Views;
			sourceTree = "<group>";
		};
		48816B35290AF40A008F3FD4 /* View Controllers */ = {
			isa = PBXGroup;
			children = (
				48816B36290AF460008F3FD4 /* EmployeeDetailsViewController.swift */,
				48816B30290AE514008F3FD4 /* EmployeeListViewController.swift */,
				48816B38290AF497008F3FD4 /* MainSceneRootViewController.swift */,
			);
			path = "View Controllers";
			sourceTree = "<group>";
		};
		48816B3F290AF59A008F3FD4 /* View TestingTests */ = {
			isa = PBXGroup;
			children = (
				48816B51290E98DF008F3FD4 /* Views */,
				48816B52290E98E9008F3FD4 /* View Controllers */,
				48816B47290AF631008F3FD4 /* Frameworks */,
			);
			path = "View TestingTests";
			sourceTree = "<group>";
		};
		48816B47290AF631008F3FD4 /* Frameworks */ = {
			isa = PBXGroup;
			children = (
				48816B48290AF631008F3FD4 /* DJATesting.xcframework */,
			);
			path = Frameworks;
			sourceTree = "<group>";
		};
		48816B51290E98DF008F3FD4 /* Views */ = {
			isa = PBXGroup;
			children = (
				48816B4A290AF79F008F3FD4 /* EmployeeOverviewViewTests.swift */,
			);
			path = Views;
			sourceTree = "<group>";
		};
		48816B52290E98E9008F3FD4 /* View Controllers */ = {
			isa = PBXGroup;
			children = (
				48816B53290E990C008F3FD4 /* EmployeeListViewControllerTests.swift */,
				48816B55290E9CD8008F3FD4 /* MainSceneRootViewControllerTests.swift */,
			);
			path = "View Controllers";
			sourceTree = "<group>";
		};
/* End PBXGroup section */

/* Begin PBXNativeTarget section */
		48816B13290ADC57008F3FD4 /* View Testing */ = {
			isa = PBXNativeTarget;
			buildConfigurationList = 48816B28290ADC58008F3FD4 /* Build configuration list for PBXNativeTarget "View Testing" */;
			buildPhases = (
				48816B10290ADC57008F3FD4 /* Sources */,
				48816B11290ADC57008F3FD4 /* Frameworks */,
				48816B12290ADC57008F3FD4 /* Resources */,
			);
			buildRules = (
			);
			dependencies = (
			);
			name = "View Testing";
			productName = "View Testing";
			productReference = 48816B14290ADC57008F3FD4 /* View Testing.app */;
			productType = "com.apple.product-type.application";
		};
		48816B3D290AF59A008F3FD4 /* View TestingTests */ = {
			isa = PBXNativeTarget;
			buildConfigurationList = 48816B44290AF59A008F3FD4 /* Build configuration list for PBXNativeTarget "View TestingTests" */;
			buildPhases = (
				48816B3A290AF59A008F3FD4 /* Sources */,
				48816B3B290AF59A008F3FD4 /* Frameworks */,
				48816B3C290AF59A008F3FD4 /* Resources */,
			);
			buildRules = (
			);
			dependencies = (
				48816B43290AF59A008F3FD4 /* PBXTargetDependency */,
			);
			name = "View TestingTests";
			productName = "View TestingTests";
			productReference = 48816B3E290AF59A008F3FD4 /* View TestingTests.xctest */;
			productType = "com.apple.product-type.bundle.unit-test";
		};
/* End PBXNativeTarget section */

/* Begin PBXProject section */
		48816B0C290ADC57008F3FD4 /* Project object */ = {
			isa = PBXProject;
			attributes = {
				BuildIndependentTargetsInParallel = 1;
				LastSwiftUpdateCheck = 1400;
				LastUpgradeCheck = 1400;
				TargetAttributes = {
					48816B13290ADC57008F3FD4 = {
						CreatedOnToolsVersion = 14.0;
					};
					48816B3D290AF59A008F3FD4 = {
						CreatedOnToolsVersion = 14.0;
						TestTargetID = 48816B13290ADC57008F3FD4;
					};
				};
			};
			buildConfigurationList = 48816B0F290ADC57008F3FD4 /* Build configuration list for PBXProject "View Testing" */;
			compatibilityVersion = "Xcode 14.0";
			developmentRegion = en;
			hasScannedForEncodings = 0;
			knownRegions = (
				en,
				Base,
			);
			mainGroup = 48816B0B290ADC57008F3FD4;
			productRefGroup = 48816B15290ADC57008F3FD4 /* Products */;
			projectDirPath = "";
			projectRoot = "";
			targets = (
				48816B13290ADC57008F3FD4 /* View Testing */,
				48816B3D290AF59A008F3FD4 /* View TestingTests */,
			);
		};
/* End PBXProject section */

/* Begin PBXResourcesBuildPhase section */
		48816B12290ADC57008F3FD4 /* Resources */ = {
			isa = PBXResourcesBuildPhase;
			buildActionMask = 2147483647;
			files = (
				48816B24290ADC58008F3FD4 /* LaunchScreen.storyboard in Resources */,
				48816B21290ADC58008F3FD4 /* Assets.xcassets in Resources */,
				48816B2D290AE18A008F3FD4 /* Employees.json in Resources */,
			);
			runOnlyForDeploymentPostprocessing = 0;
		};
		48816B3C290AF59A008F3FD4 /* Resources */ = {
			isa = PBXResourcesBuildPhase;
			buildActionMask = 2147483647;
			files = (
			);
			runOnlyForDeploymentPostprocessing = 0;
		};
/* End PBXResourcesBuildPhase section */

/* Begin PBXSourcesBuildPhase section */
		48816B10290ADC57008F3FD4 /* Sources */ = {
			isa = PBXSourcesBuildPhase;
			buildActionMask = 2147483647;
			files = (
				48816B31290AE514008F3FD4 /* EmployeeListViewController.swift in Sources */,
				48816B37290AF460008F3FD4 /* EmployeeDetailsViewController.swift in Sources */,
				48816B2F290AE195008F3FD4 /* Employee.swift in Sources */,
				48816B18290ADC57008F3FD4 /* AppDelegate.swift in Sources */,
				48816B1A290ADC57008F3FD4 /* SceneDelegate.swift in Sources */,
				48816B39290AF497008F3FD4 /* MainSceneRootViewController.swift in Sources */,
				48816B34290AED97008F3FD4 /* EmployeeOverviewView.swift in Sources */,
			);
			runOnlyForDeploymentPostprocessing = 0;
		};
		48816B3A290AF59A008F3FD4 /* Sources */ = {
			isa = PBXSourcesBuildPhase;
			buildActionMask = 2147483647;
			files = (
				48816B54290E990C008F3FD4 /* EmployeeListViewControllerTests.swift in Sources */,
				48816B56290E9CD8008F3FD4 /* MainSceneRootViewControllerTests.swift in Sources */,
				48816B4B290AF79F008F3FD4 /* EmployeeOverviewViewTests.swift in Sources */,
			);
			runOnlyForDeploymentPostprocessing = 0;
		};
/* End PBXSourcesBuildPhase section */

/* Begin PBXTargetDependency section */
		48816B43290AF59A008F3FD4 /* PBXTargetDependency */ = {
			isa = PBXTargetDependency;
			target = 48816B13290ADC57008F3FD4 /* View Testing */;
			targetProxy = 48816B42290AF59A008F3FD4 /* PBXContainerItemProxy */;
		};
/* End PBXTargetDependency section */

/* Begin PBXVariantGroup section */
		48816B22290ADC58008F3FD4 /* LaunchScreen.storyboard */ = {
			isa = PBXVariantGroup;
			children = (
				48816B23290ADC58008F3FD4 /* Base */,
			);
			name = LaunchScreen.storyboard;
			sourceTree = "<group>";
		};
/* End PBXVariantGroup section */

/* Begin XCBuildConfiguration section */
		48816B26290ADC58008F3FD4 /* Debug */ = {
			isa = XCBuildConfiguration;
			buildSettings = {
				ALWAYS_SEARCH_USER_PATHS = NO;
				CLANG_ANALYZER_NONNULL = YES;
				CLANG_ANALYZER_NUMBER_OBJECT_CONVERSION = YES_AGGRESSIVE;
				CLANG_CXX_LANGUAGE_STANDARD = "gnu++20";
				CLANG_ENABLE_MODULES = YES;
				CLANG_ENABLE_OBJC_ARC = YES;
				CLANG_ENABLE_OBJC_WEAK = YES;
				CLANG_WARN_BLOCK_CAPTURE_AUTORELEASING = YES;
				CLANG_WARN_BOOL_CONVERSION = YES;
				CLANG_WARN_COMMA = YES;
				CLANG_WARN_CONSTANT_CONVERSION = YES;
				CLANG_WARN_DEPRECATED_OBJC_IMPLEMENTATIONS = YES;
				CLANG_WARN_DIRECT_OBJC_ISA_USAGE = YES_ERROR;
				CLANG_WARN_DOCUMENTATION_COMMENTS = YES;
				CLANG_WARN_EMPTY_BODY = YES;
				CLANG_WARN_ENUM_CONVERSION = YES;
				CLANG_WARN_INFINITE_RECURSION = YES;
				CLANG_WARN_INT_CONVERSION = YES;
				CLANG_WARN_NON_LITERAL_NULL_CONVERSION = YES;
				CLANG_WARN_OBJC_IMPLICIT_RETAIN_SELF = YES;
				CLANG_WARN_OBJC_LITERAL_CONVERSION = YES;
				CLANG_WARN_OBJC_ROOT_CLASS = YES_ERROR;
				CLANG_WARN_QUOTED_INCLUDE_IN_FRAMEWORK_HEADER = YES;
				CLANG_WARN_RANGE_LOOP_ANALYSIS = YES;
				CLANG_WARN_STRICT_PROTOTYPES = YES;
				CLANG_WARN_SUSPICIOUS_MOVE = YES;
				CLANG_WARN_UNGUARDED_AVAILABILITY = YES_AGGRESSIVE;
				CLANG_WARN_UNREACHABLE_CODE = YES;
				CLANG_WARN__DUPLICATE_METHOD_MATCH = YES;
				COPY_PHASE_STRIP = NO;
				DEBUG_INFORMATION_FORMAT = dwarf;
				ENABLE_STRICT_OBJC_MSGSEND = YES;
				ENABLE_TESTABILITY = YES;
				GCC_C_LANGUAGE_STANDARD = gnu11;
				GCC_DYNAMIC_NO_PIC = NO;
				GCC_NO_COMMON_BLOCKS = YES;
				GCC_OPTIMIZATION_LEVEL = 0;
				GCC_PREPROCESSOR_DEFINITIONS = (
					"DEBUG=1",
					"$(inherited)",
				);
				GCC_WARN_64_TO_32_BIT_CONVERSION = YES;
				GCC_WARN_ABOUT_RETURN_TYPE = YES_ERROR;
				GCC_WARN_UNDECLARED_SELECTOR = YES;
				GCC_WARN_UNINITIALIZED_AUTOS = YES_AGGRESSIVE;
				GCC_WARN_UNUSED_FUNCTION = YES;
				GCC_WARN_UNUSED_VARIABLE = YES;
				IPHONEOS_DEPLOYMENT_TARGET = 16.0;
				MTL_ENABLE_DEBUG_INFO = INCLUDE_SOURCE;
				MTL_FAST_MATH = YES;
				ONLY_ACTIVE_ARCH = YES;
				SDKROOT = iphoneos;
				SWIFT_ACTIVE_COMPILATION_CONDITIONS = DEBUG;
				SWIFT_OPTIMIZATION_LEVEL = "-Onone";
			};
			name = Debug;
		};
		48816B27290ADC58008F3FD4 /* Release */ = {
			isa = XCBuildConfiguration;
			buildSettings = {
				ALWAYS_SEARCH_USER_PATHS = NO;
				CLANG_ANALYZER_NONNULL = YES;
				CLANG_ANALYZER_NUMBER_OBJECT_CONVERSION = YES_AGGRESSIVE;
				CLANG_CXX_LANGUAGE_STANDARD = "gnu++20";
				CLANG_ENABLE_MODULES = YES;
				CLANG_ENABLE_OBJC_ARC = YES;
				CLANG_ENABLE_OBJC_WEAK = YES;
				CLANG_WARN_BLOCK_CAPTURE_AUTORELEASING = YES;
				CLANG_WARN_BOOL_CONVERSION = YES;
				CLANG_WARN_COMMA = YES;
				CLANG_WARN_CONSTANT_CONVERSION = YES;
				CLANG_WARN_DEPRECATED_OBJC_IMPLEMENTATIONS = YES;
				CLANG_WARN_DIRECT_OBJC_ISA_USAGE = YES_ERROR;
				CLANG_WARN_DOCUMENTATION_COMMENTS = YES;
				CLANG_WARN_EMPTY_BODY = YES;
				CLANG_WARN_ENUM_CONVERSION = YES;
				CLANG_WARN_INFINITE_RECURSION = YES;
				CLANG_WARN_INT_CONVERSION = YES;
				CLANG_WARN_NON_LITERAL_NULL_CONVERSION = YES;
				CLANG_WARN_OBJC_IMPLICIT_RETAIN_SELF = YES;
				CLANG_WARN_OBJC_LITERAL_CONVERSION = YES;
				CLANG_WARN_OBJC_ROOT_CLASS = YES_ERROR;
				CLANG_WARN_QUOTED_INCLUDE_IN_FRAMEWORK_HEADER = YES;
				CLANG_WARN_RANGE_LOOP_ANALYSIS = YES;
				CLANG_WARN_STRICT_PROTOTYPES = YES;
				CLANG_WARN_SUSPICIOUS_MOVE = YES;
				CLANG_WARN_UNGUARDED_AVAILABILITY = YES_AGGRESSIVE;
				CLANG_WARN_UNREACHABLE_CODE = YES;
				CLANG_WARN__DUPLICATE_METHOD_MATCH = YES;
				COPY_PHASE_STRIP = NO;
				DEBUG_INFORMATION_FORMAT = "dwarf-with-dsym";
				ENABLE_NS_ASSERTIONS = NO;
				ENABLE_STRICT_OBJC_MSGSEND = YES;
				GCC_C_LANGUAGE_STANDARD = gnu11;
				GCC_NO_COMMON_BLOCKS = YES;
				GCC_WARN_64_TO_32_BIT_CONVERSION = YES;
				GCC_WARN_ABOUT_RETURN_TYPE = YES_ERROR;
				GCC_WARN_UNDECLARED_SELECTOR = YES;
				GCC_WARN_UNINITIALIZED_AUTOS = YES_AGGRESSIVE;
				GCC_WARN_UNUSED_FUNCTION = YES;
				GCC_WARN_UNUSED_VARIABLE = YES;
				IPHONEOS_DEPLOYMENT_TARGET = 16.0;
				MTL_ENABLE_DEBUG_INFO = NO;
				MTL_FAST_MATH = YES;
				SDKROOT = iphoneos;
				SWIFT_COMPILATION_MODE = wholemodule;
				SWIFT_OPTIMIZATION_LEVEL = "-O";
				VALIDATE_PRODUCT = YES;
			};
			name = Release;
		};
		48816B29290ADC58008F3FD4 /* Debug */ = {
			isa = XCBuildConfiguration;
			buildSettings = {
				ASSETCATALOG_COMPILER_APPICON_NAME = AppIcon;
				ASSETCATALOG_COMPILER_GLOBAL_ACCENT_COLOR_NAME = AccentColor;
				CODE_SIGN_STYLE = Automatic;
				CURRENT_PROJECT_VERSION = 1;
				DEVELOPMENT_TEAM = TMU9Z4F4V5;
				GENERATE_INFOPLIST_FILE = YES;
				INFOPLIST_FILE = "View Testing/Info.plist";
				INFOPLIST_KEY_UIApplicationSupportsIndirectInputEvents = YES;
				INFOPLIST_KEY_UILaunchStoryboardName = LaunchScreen;
				INFOPLIST_KEY_UIMainStoryboardFile = "";
				INFOPLIST_KEY_UISupportedInterfaceOrientations_iPad = "UIInterfaceOrientationPortrait UIInterfaceOrientationPortraitUpsideDown UIInterfaceOrientationLandscapeLeft UIInterfaceOrientationLandscapeRight";
				INFOPLIST_KEY_UISupportedInterfaceOrientations_iPhone = "UIInterfaceOrientationPortrait UIInterfaceOrientationLandscapeLeft UIInterfaceOrientationLandscapeRight";
				LD_RUNPATH_SEARCH_PATHS = (
					"$(inherited)",
					"@executable_path/Frameworks",
				);
				MARKETING_VERSION = 1.0;
				PRODUCT_BUNDLE_IDENTIFIER = "com.darjeeling.View-Testing";
				PRODUCT_NAME = "$(TARGET_NAME)";
				SWIFT_EMIT_LOC_STRINGS = YES;
				SWIFT_VERSION = 5.0;
				TARGETED_DEVICE_FAMILY = "1,2";
			};
			name = Debug;
		};
		48816B2A290ADC58008F3FD4 /* Release */ = {
			isa = XCBuildConfiguration;
			buildSettings = {
				ASSETCATALOG_COMPILER_APPICON_NAME = AppIcon;
				ASSETCATALOG_COMPILER_GLOBAL_ACCENT_COLOR_NAME = AccentColor;
				CODE_SIGN_STYLE = Automatic;
				CURRENT_PROJECT_VERSION = 1;
				DEVELOPMENT_TEAM = TMU9Z4F4V5;
				GENERATE_INFOPLIST_FILE = YES;
				INFOPLIST_FILE = "View Testing/Info.plist";
				INFOPLIST_KEY_UIApplicationSupportsIndirectInputEvents = YES;
				INFOPLIST_KEY_UILaunchStoryboardName = LaunchScreen;
				INFOPLIST_KEY_UIMainStoryboardFile = "";
				INFOPLIST_KEY_UISupportedInterfaceOrientations_iPad = "UIInterfaceOrientationPortrait UIInterfaceOrientationPortraitUpsideDown UIInterfaceOrientationLandscapeLeft UIInterfaceOrientationLandscapeRight";
				INFOPLIST_KEY_UISupportedInterfaceOrientations_iPhone = "UIInterfaceOrientationPortrait UIInterfaceOrientationLandscapeLeft UIInterfaceOrientationLandscapeRight";
				LD_RUNPATH_SEARCH_PATHS = (
					"$(inherited)",
					"@executable_path/Frameworks",
				);
				MARKETING_VERSION = 1.0;
				PRODUCT_BUNDLE_IDENTIFIER = "com.darjeeling.View-Testing";
				PRODUCT_NAME = "$(TARGET_NAME)";
				SWIFT_EMIT_LOC_STRINGS = YES;
				SWIFT_VERSION = 5.0;
				TARGETED_DEVICE_FAMILY = "1,2";
			};
			name = Release;
		};
		48816B45290AF59A008F3FD4 /* Debug */ = {
			isa = XCBuildConfiguration;
			buildSettings = {
				BUNDLE_LOADER = "$(TEST_HOST)";
				CODE_SIGN_STYLE = Automatic;
				CURRENT_PROJECT_VERSION = 1;
				DEVELOPMENT_TEAM = TMU9Z4F4V5;
				FRAMEWORK_SEARCH_PATHS = "$(PROJECT_DIR)/\"View TestingTests/Frameworks/DJATesting.xcframework/\"";
				GENERATE_INFOPLIST_FILE = YES;
				MARKETING_VERSION = 1.0;
				PRODUCT_BUNDLE_IDENTIFIER = "com.darjeeling.View-TestingTests";
				PRODUCT_NAME = "$(TARGET_NAME)";
				SWIFT_EMIT_LOC_STRINGS = NO;
				SWIFT_VERSION = 5.0;
				TARGETED_DEVICE_FAMILY = "1,2";
				TEST_HOST = "$(BUILT_PRODUCTS_DIR)/View Testing.app/$(BUNDLE_EXECUTABLE_FOLDER_PATH)/View Testing";
			};
			name = Debug;
		};
		48816B46290AF59A008F3FD4 /* Release */ = {
			isa = XCBuildConfiguration;
			buildSettings = {
				BUNDLE_LOADER = "$(TEST_HOST)";
				CODE_SIGN_STYLE = Automatic;
				CURRENT_PROJECT_VERSION = 1;
				DEVELOPMENT_TEAM = TMU9Z4F4V5;
				FRAMEWORK_SEARCH_PATHS = "$(PROJECT_DIR)/\"View TestingTests/Frameworks/DJATesting.xcframework/\"";
				GENERATE_INFOPLIST_FILE = YES;
				MARKETING_VERSION = 1.0;
				PRODUCT_BUNDLE_IDENTIFIER = "com.darjeeling.View-TestingTests";
				PRODUCT_NAME = "$(TARGET_NAME)";
				SWIFT_EMIT_LOC_STRINGS = NO;
				SWIFT_VERSION = 5.0;
				TARGETED_DEVICE_FAMILY = "1,2";
				TEST_HOST = "$(BUILT_PRODUCTS_DIR)/View Testing.app/$(BUNDLE_EXECUTABLE_FOLDER_PATH)/View Testing";
			};
			name = Release;
		};
/* End XCBuildConfiguration section */

/* Begin XCConfigurationList section */
		48816B0F290ADC57008F3FD4 /* Build configuration list for PBXProject "View Testing" */ = {
			isa = XCConfigurationList;
			buildConfigurations = (
				48816B26290ADC58008F3FD4 /* Debug */,
				48816B27290ADC58008F3FD4 /* Release */,
			);
			defaultConfigurationIsVisible = 0;
			defaultConfigurationName = Release;
		};
		48816B28290ADC58008F3FD4 /* Build configuration list for PBXNativeTarget "View Testing" */ = {
			isa = XCConfigurationList;
			buildConfigurations = (
				48816B29290ADC58008F3FD4 /* Debug */,
				48816B2A290ADC58008F3FD4 /* Release */,
			);
			defaultConfigurationIsVisible = 0;
			defaultConfigurationName = Release;
		};
		48816B44290AF59A008F3FD4 /* Build configuration list for PBXNativeTarget "View TestingTests" */ = {
			isa = XCConfigurationList;
			buildConfigurations = (
				48816B45290AF59A008F3FD4 /* Debug */,
				48816B46290AF59A008F3FD4 /* Release */,
			);
			defaultConfigurationIsVisible = 0;
			defaultConfigurationName = Release;
		};
/* End XCConfigurationList section */
	};
	rootObject = 48816B0C290ADC57008F3FD4 /* Project object */;
}
